
Microsoft Visual Studio Solution File, Format Version 12.00
# Visual Studio 15
VisualStudioVersion = 15.0.28307.902
MinimumVisualStudioVersion = 10.0.40219.1
Project("{9A19103F-16F7-4668-BE54-9A1E7A4F7556}") = "ToolGood.CodeAuthorScan", "ToolGood.CodeAuthorScan\ToolGood.CodeAuthorScan.csproj", "{FE89C633-45F4-4DAC-9FD8-803E6C5DD44A}"
EndProject
Project("{9A19103F-16F7-4668-BE54-9A1E7A4F7556}") = "ToolGood.CodeAuthor", "ToolGood.CodeAuthor\ToolGood.CodeAuthor.csproj", "{483D3743-1516-438D-A0C5-34D78A7E6156}"
EndProject
Project("{9A19103F-16F7-4668-BE54-9A1E7A4F7556}") = "LibGit2Sharp", "LibGit2Sharp\LibGit2Sharp.csproj", "{6A3A8074-D28B-436E-9B2E-1637CC0BA8A2}"
EndProject
Global
	GlobalSection(SolutionConfigurationPlatforms) = preSolution
		Debug|Any CPU = Debug|Any CPU
		Release|Any CPU = Release|Any CPU
	EndGlobalSection
	GlobalSection(ProjectConfigurationPlatforms) = postSolution
		{FE89C633-45F4-4DAC-9FD8-803E6C5DD44A}.Debug|Any CPU.ActiveCfg = Debug|Any CPU
		{FE89C633-45F4-4DAC-9FD8-803E6C5DD44A}.Debug|Any CPU.Build.0 = Debug|Any CPU
		{FE89C633-45F4-4DAC-9FD8-803E6C5DD44A}.Release|Any CPU.ActiveCfg = Release|Any CPU
		{FE89C633-45F4-4DAC-9FD8-803E6C5DD44A}.Release|Any CPU.Build.0 = Release|Any CPU
		{483D3743-1516-438D-A0C5-34D78A7E6156}.Debug|Any CPU.ActiveCfg = Debug|Any CPU
		{483D3743-1516-438D-A0C5-34D78A7E6156}.Debug|Any CPU.Build.0 = Debug|Any CPU
		{483D3743-1516-438D-A0C5-34D78A7E6156}.Release|Any CPU.ActiveCfg = Release|Any CPU
		{483D3743-1516-438D-A0C5-34D78A7E6156}.Release|Any CPU.Build.0 = Release|Any CPU
		{6A3A8074-D28B-436E-9B2E-1637CC0BA8A2}.Debug|Any CPU.ActiveCfg = Debug|Any CPU
		{6A3A8074-D28B-436E-9B2E-1637CC0BA8A2}.Debug|Any CPU.Build.0 = Debug|Any CPU
		{6A3A8074-D28B-436E-9B2E-1637CC0BA8A2}.Release|Any CPU.ActiveCfg = Release|Any CPU
		{6A3A8074-D28B-436E-9B2E-1637CC0BA8A2}.Release|Any CPU.Build.0 = Release|Any CPU
	EndGlobalSection
	GlobalSection(SolutionProperties) = preSolution
		HideSolutionNode = FALSE
	EndGlobalSection
	GlobalSection(ExtensibilityGlobals) = postSolution
		SolutionGuid = {140E36DC-B0ED-45B7-A7FA-1CA4F9D22514}
	EndGlobalSection
EndGlobal
